
Microsoft Visual Studio Solution File, Format Version 12.00
# Visual Studio Version 17
VisualStudioVersion = 17.7.34031.279
MinimumVisualStudioVersion = 10.0.40219.1
Project("{FAE04EC0-301F-11D3-BF4B-00C04F79EFBC}") = "API_PA", "API_PA\API_PA.csproj", "{3C9E9E2A-1662-4301-BE0B-7EFEC1E79087}"
EndProject
Global
	GlobalSection(SolutionConfigurationPlatforms) = preSolution
		Debug|Any CPU = Debug|Any CPU
		Release|Any CPU = Release|Any CPU
	EndGlobalSection
	GlobalSection(ProjectConfigurationPlatforms) = postSolution
		{3C9E9E2A-1662-4301-BE0B-7EFEC1E79087}.Debug|Any CPU.ActiveCfg = Debug|Any CPU
		{3C9E9E2A-1662-4301-BE0B-7EFEC1E79087}.Debug|Any CPU.Build.0 = Debug|Any CPU
		{3C9E9E2A-1662-4301-BE0B-7EFEC1E79087}.Release|Any CPU.ActiveCfg = Release|Any CPU
		{3C9E9E2A-1662-4301-BE0B-7EFEC1E79087}.Release|Any CPU.Build.0 = Release|Any CPU
	EndGlobalSection
	GlobalSection(SolutionProperties) = preSolution
		HideSolutionNode = FALSE
	EndGlobalSection
	GlobalSection(ExtensibilityGlobals) = postSolution
		SolutionGuid = {6E492424-69B0-477F-8EE5-4E15A4ED6218}
	EndGlobalSection
EndGlobal
